
Microsoft Visual Studio Solution File, Format Version 12.00
# Visual Studio 14
VisualStudioVersion = 14.0.25123.0
MinimumVisualStudioVersion = 10.0.40219.1
Project("{2150E333-8FDC-42A3-9474-1A3956D46DE8}") = "src", "src", "{9935DBF1-02E7-46DC-952D-D901A313BA15}"
EndProject
Project("{2150E333-8FDC-42A3-9474-1A3956D46DE8}") = "Solution Items", "Solution Items", "{310C5F07-73B8-44D0-8E2C-7CB9EF476D9D}"
	ProjectSection(SolutionItems) = preProject
		global.json = global.json
	EndProjectSection
EndProject
Project("{8BB2217D-0F2D-49D1-97BC-3654ED321F3B}") = "DevTreks", "src\DevTreks\DevTreks.xproj", "{6705ED8A-109B-446F-9230-921170E5AD6D}"
EndProject
Project("{8BB2217D-0F2D-49D1-97BC-3654ED321F3B}") = "DevTreks.Resources", "src\DevTreks.Resources\DevTreks.Resources.xproj", "{D15DE20D-595E-4CF6-968B-5F7FF0B794B5}"
EndProject
Project("{8BB2217D-0F2D-49D1-97BC-3654ED321F3B}") = "DevTreks.Exceptions", "src\DevTreks.Exceptions\DevTreks.Exceptions.xproj", "{03E25545-0C9D-4E78-840C-6557B33001EF}"
EndProject
Project("{2150E333-8FDC-42A3-9474-1A3956D46DE8}") = "DevTreks.Extensions", "DevTreks.Extensions", "{49A0A763-AA01-473E-85BC-D6265089D9B4}"
EndProject
Project("{8BB2217D-0F2D-49D1-97BC-3654ED321F3B}") = "AgBudgetingCalculators", "src\DevTreks.Extensions\AgBudgetingCalculators\AgBudgetingCalculators.xproj", "{5C1B51D8-509A-4DB5-8227-B7041A654517}"
EndProject
Project("{8BB2217D-0F2D-49D1-97BC-3654ED321F3B}") = "CalculatorsContracts", "src\DevTreks.Extensions\CalculatorsContracts\CalculatorsContracts.xproj", "{2FB54B1F-A536-44C0-9AFD-A66FDF987499}"
EndProject
Project("{8BB2217D-0F2D-49D1-97BC-3654ED321F3B}") = "DoStepsHost", "src\DevTreks.Extensions\DoStepsHost\DoStepsHost.xproj", "{FB0006F6-A74D-47A5-9F01-3AEBD03F5DBA}"
EndProject
Project("{8BB2217D-0F2D-49D1-97BC-3654ED321F3B}") = "FoodNutrition", "src\DevTreks.Extensions\FoodNutrition\FoodNutrition.xproj", "{294D0A2C-4196-4D66-9309-5B5155D37BCB}"
EndProject
Project("{8BB2217D-0F2D-49D1-97BC-3654ED321F3B}") = "HealthCare", "src\DevTreks.Extensions\HealthCare\HealthCare.xproj", "{9D5BA970-567D-41E8-919D-3F63F286C009}"
EndProject
Project("{8BB2217D-0F2D-49D1-97BC-3654ED321F3B}") = "Jace", "src\DevTreks.Extensions\Jace\Jace.xproj", "{1B23EB86-3674-47FE-AB5F-028CBD6BCFA5}"
EndProject
Project("{8BB2217D-0F2D-49D1-97BC-3654ED321F3B}") = "LCA1", "src\DevTreks.Extensions\LCA1\LCA1.xproj", "{1C2762BF-B38C-4B87-BB37-5C7FE16E8BE8}"
EndProject
Project("{8BB2217D-0F2D-49D1-97BC-3654ED321F3B}") = "ME2", "src\DevTreks.Extensions\ME2\ME2.xproj", "{64AF1C4F-A977-4A9F-A220-D632B4EF4F53}"
EndProject
Project("{8BB2217D-0F2D-49D1-97BC-3654ED321F3B}") = "MN1", "src\DevTreks.Extensions\MN1\MN1.xproj", "{BADF4620-5BB0-46BE-8E38-62500F913360}"
EndProject
Project("{8BB2217D-0F2D-49D1-97BC-3654ED321F3B}") = "NPV1", "src\DevTreks.Extensions\NPV1\NPV1.xproj", "{D21CC111-DAD6-4420-BCF6-B7F8A0D34484}"
EndProject
Project("{8BB2217D-0F2D-49D1-97BC-3654ED321F3B}") = "NPVCalculators", "src\DevTreks.Extensions\NPVCalculators\NPVCalculators.xproj", "{56A02947-A883-49F7-8511-C53C8BA37CF3}"
EndProject
Project("{8BB2217D-0F2D-49D1-97BC-3654ED321F3B}") = "Numerics", "src\DevTreks.Extensions\Numerics\Numerics.xproj", "{BD3A5ADB-97FB-4A11-9B50-FFA5CC566604}"
EndProject
Project("{8BB2217D-0F2D-49D1-97BC-3654ED321F3B}") = "SB1", "src\DevTreks.Extensions\SB1\SB1.xproj", "{D4C064BE-7F14-48BE-8544-48655C5EF3F8}"
EndProject
Project("{8BB2217D-0F2D-49D1-97BC-3654ED321F3B}") = "AgResourceStockExtensions", "src\DevTreks.Extensions\AgResourceStockExtensions\AgResourceStockExtensions.xproj", "{64F6FCD1-7743-444A-8F27-CE56919F4953}"
EndProject
Project("{8BB2217D-0F2D-49D1-97BC-3654ED321F3B}") = "DevTreks.Data", "src\DevTreks.Data\DevTreks.Data.xproj", "{C279A6F3-5EDA-4608-88D1-D15E0EC3D353}"
EndProject
Project("{8BB2217D-0F2D-49D1-97BC-3654ED321F3B}") = "DevTreks.Models", "src\DevTreks.Models\DevTreks.Models.xproj", "{A74B3028-922F-48C6-A54A-07BCCD9DB165}"
EndProject
Global
	GlobalSection(SolutionConfigurationPlatforms) = preSolution
		Debug|Any CPU = Debug|Any CPU
		Release|Any CPU = Release|Any CPU
	EndGlobalSection
	GlobalSection(ProjectConfigurationPlatforms) = postSolution
		{6705ED8A-109B-446F-9230-921170E5AD6D}.Debug|Any CPU.ActiveCfg = Debug|Any CPU
		{6705ED8A-109B-446F-9230-921170E5AD6D}.Debug|Any CPU.Build.0 = Debug|Any CPU
		{6705ED8A-109B-446F-9230-921170E5AD6D}.Release|Any CPU.ActiveCfg = Release|Any CPU
		{6705ED8A-109B-446F-9230-921170E5AD6D}.Release|Any CPU.Build.0 = Release|Any CPU
		{D15DE20D-595E-4CF6-968B-5F7FF0B794B5}.Debug|Any CPU.ActiveCfg = Debug|Any CPU
		{D15DE20D-595E-4CF6-968B-5F7FF0B794B5}.Debug|Any CPU.Build.0 = Debug|Any CPU
		{D15DE20D-595E-4CF6-968B-5F7FF0B794B5}.Release|Any CPU.ActiveCfg = Release|Any CPU
		{D15DE20D-595E-4CF6-968B-5F7FF0B794B5}.Release|Any CPU.Build.0 = Release|Any CPU
		{03E25545-0C9D-4E78-840C-6557B33001EF}.Debug|Any CPU.ActiveCfg = Debug|Any CPU
		{03E25545-0C9D-4E78-840C-6557B33001EF}.Debug|Any CPU.Build.0 = Debug|Any CPU
		{03E25545-0C9D-4E78-840C-6557B33001EF}.Release|Any CPU.ActiveCfg = Release|Any CPU
		{03E25545-0C9D-4E78-840C-6557B33001EF}.Release|Any CPU.Build.0 = Release|Any CPU
		{5C1B51D8-509A-4DB5-8227-B7041A654517}.Debug|Any CPU.ActiveCfg = Debug|Any CPU
		{5C1B51D8-509A-4DB5-8227-B7041A654517}.Debug|Any CPU.Build.0 = Debug|Any CPU
		{5C1B51D8-509A-4DB5-8227-B7041A654517}.Release|Any CPU.ActiveCfg = Release|Any CPU
		{5C1B51D8-509A-4DB5-8227-B7041A654517}.Release|Any CPU.Build.0 = Release|Any CPU
		{2FB54B1F-A536-44C0-9AFD-A66FDF987499}.Debug|Any CPU.ActiveCfg = Debug|Any CPU
		{2FB54B1F-A536-44C0-9AFD-A66FDF987499}.Debug|Any CPU.Build.0 = Debug|Any CPU
		{2FB54B1F-A536-44C0-9AFD-A66FDF987499}.Release|Any CPU.ActiveCfg = Release|Any CPU
		{2FB54B1F-A536-44C0-9AFD-A66FDF987499}.Release|Any CPU.Build.0 = Release|Any CPU
		{FB0006F6-A74D-47A5-9F01-3AEBD03F5DBA}.Debug|Any CPU.ActiveCfg = Debug|Any CPU
		{FB0006F6-A74D-47A5-9F01-3AEBD03F5DBA}.Debug|Any CPU.Build.0 = Debug|Any CPU
		{FB0006F6-A74D-47A5-9F01-3AEBD03F5DBA}.Release|Any CPU.ActiveCfg = Release|Any CPU
		{FB0006F6-A74D-47A5-9F01-3AEBD03F5DBA}.Release|Any CPU.Build.0 = Release|Any CPU
		{294D0A2C-4196-4D66-9309-5B5155D37BCB}.Debug|Any CPU.ActiveCfg = Debug|Any CPU
		{294D0A2C-4196-4D66-9309-5B5155D37BCB}.Debug|Any CPU.Build.0 = Debug|Any CPU
		{294D0A2C-4196-4D66-9309-5B5155D37BCB}.Release|Any CPU.ActiveCfg = Release|Any CPU
		{294D0A2C-4196-4D66-9309-5B5155D37BCB}.Release|Any CPU.Build.0 = Release|Any CPU
		{9D5BA970-567D-41E8-919D-3F63F286C009}.Debug|Any CPU.ActiveCfg = Debug|Any CPU
		{9D5BA970-567D-41E8-919D-3F63F286C009}.Debug|Any CPU.Build.0 = Debug|Any CPU
		{9D5BA970-567D-41E8-919D-3F63F286C009}.Release|Any CPU.ActiveCfg = Release|Any CPU
		{9D5BA970-567D-41E8-919D-3F63F286C009}.Release|Any CPU.Build.0 = Release|Any CPU
		{1B23EB86-3674-47FE-AB5F-028CBD6BCFA5}.Debug|Any CPU.ActiveCfg = Debug|Any CPU
		{1B23EB86-3674-47FE-AB5F-028CBD6BCFA5}.Debug|Any CPU.Build.0 = Debug|Any CPU
		{1B23EB86-3674-47FE-AB5F-028CBD6BCFA5}.Release|Any CPU.ActiveCfg = Release|Any CPU
		{1B23EB86-3674-47FE-AB5F-028CBD6BCFA5}.Release|Any CPU.Build.0 = Release|Any CPU
		{1C2762BF-B38C-4B87-BB37-5C7FE16E8BE8}.Debug|Any CPU.ActiveCfg = Debug|Any CPU
		{1C2762BF-B38C-4B87-BB37-5C7FE16E8BE8}.Debug|Any CPU.Build.0 = Debug|Any CPU
		{1C2762BF-B38C-4B87-BB37-5C7FE16E8BE8}.Release|Any CPU.ActiveCfg = Release|Any CPU
		{1C2762BF-B38C-4B87-BB37-5C7FE16E8BE8}.Release|Any CPU.Build.0 = Release|Any CPU
		{64AF1C4F-A977-4A9F-A220-D632B4EF4F53}.Debug|Any CPU.ActiveCfg = Debug|Any CPU
		{64AF1C4F-A977-4A9F-A220-D632B4EF4F53}.Debug|Any CPU.Build.0 = Debug|Any CPU
		{64AF1C4F-A977-4A9F-A220-D632B4EF4F53}.Release|Any CPU.ActiveCfg = Release|Any CPU
		{64AF1C4F-A977-4A9F-A220-D632B4EF4F53}.Release|Any CPU.Build.0 = Release|Any CPU
		{BADF4620-5BB0-46BE-8E38-62500F913360}.Debug|Any CPU.ActiveCfg = Debug|Any CPU
		{BADF4620-5BB0-46BE-8E38-62500F913360}.Debug|Any CPU.Build.0 = Debug|Any CPU
		{BADF4620-5BB0-46BE-8E38-62500F913360}.Release|Any CPU.ActiveCfg = Release|Any CPU
		{BADF4620-5BB0-46BE-8E38-62500F913360}.Release|Any CPU.Build.0 = Release|Any CPU
		{D21CC111-DAD6-4420-BCF6-B7F8A0D34484}.Debug|Any CPU.ActiveCfg = Debug|Any CPU
		{D21CC111-DAD6-4420-BCF6-B7F8A0D34484}.Debug|Any CPU.Build.0 = Debug|Any CPU
		{D21CC111-DAD6-4420-BCF6-B7F8A0D34484}.Release|Any CPU.ActiveCfg = Release|Any CPU
		{D21CC111-DAD6-4420-BCF6-B7F8A0D34484}.Release|Any CPU.Build.0 = Release|Any CPU
		{56A02947-A883-49F7-8511-C53C8BA37CF3}.Debug|Any CPU.ActiveCfg = Debug|Any CPU
		{56A02947-A883-49F7-8511-C53C8BA37CF3}.Debug|Any CPU.Build.0 = Debug|Any CPU
		{56A02947-A883-49F7-8511-C53C8BA37CF3}.Release|Any CPU.ActiveCfg = Release|Any CPU
		{56A02947-A883-49F7-8511-C53C8BA37CF3}.Release|Any CPU.Build.0 = Release|Any CPU
		{BD3A5ADB-97FB-4A11-9B50-FFA5CC566604}.Debug|Any CPU.ActiveCfg = Debug|Any CPU
		{BD3A5ADB-97FB-4A11-9B50-FFA5CC566604}.Debug|Any CPU.Build.0 = Debug|Any CPU
		{BD3A5ADB-97FB-4A11-9B50-FFA5CC566604}.Release|Any CPU.ActiveCfg = Release|Any CPU
		{BD3A5ADB-97FB-4A11-9B50-FFA5CC566604}.Release|Any CPU.Build.0 = Release|Any CPU
		{D4C064BE-7F14-48BE-8544-48655C5EF3F8}.Debug|Any CPU.ActiveCfg = Debug|Any CPU
		{D4C064BE-7F14-48BE-8544-48655C5EF3F8}.Debug|Any CPU.Build.0 = Debug|Any CPU
		{D4C064BE-7F14-48BE-8544-48655C5EF3F8}.Release|Any CPU.ActiveCfg = Release|Any CPU
		{D4C064BE-7F14-48BE-8544-48655C5EF3F8}.Release|Any CPU.Build.0 = Release|Any CPU
		{64F6FCD1-7743-444A-8F27-CE56919F4953}.Debug|Any CPU.ActiveCfg = Debug|Any CPU
		{64F6FCD1-7743-444A-8F27-CE56919F4953}.Debug|Any CPU.Build.0 = Debug|Any CPU
		{64F6FCD1-7743-444A-8F27-CE56919F4953}.Release|Any CPU.ActiveCfg = Release|Any CPU
		{64F6FCD1-7743-444A-8F27-CE56919F4953}.Release|Any CPU.Build.0 = Release|Any CPU
		{C279A6F3-5EDA-4608-88D1-D15E0EC3D353}.Debug|Any CPU.ActiveCfg = Debug|Any CPU
		{C279A6F3-5EDA-4608-88D1-D15E0EC3D353}.Debug|Any CPU.Build.0 = Debug|Any CPU
		{C279A6F3-5EDA-4608-88D1-D15E0EC3D353}.Release|Any CPU.ActiveCfg = Release|Any CPU
		{C279A6F3-5EDA-4608-88D1-D15E0EC3D353}.Release|Any CPU.Build.0 = Release|Any CPU
		{A74B3028-922F-48C6-A54A-07BCCD9DB165}.Debug|Any CPU.ActiveCfg = Debug|Any CPU
		{A74B3028-922F-48C6-A54A-07BCCD9DB165}.Debug|Any CPU.Build.0 = Debug|Any CPU
		{A74B3028-922F-48C6-A54A-07BCCD9DB165}.Release|Any CPU.ActiveCfg = Release|Any CPU
		{A74B3028-922F-48C6-A54A-07BCCD9DB165}.Release|Any CPU.Build.0 = Release|Any CPU
	EndGlobalSection
	GlobalSection(SolutionProperties) = preSolution
		HideSolutionNode = FALSE
	EndGlobalSection
	GlobalSection(NestedProjects) = preSolution
		{6705ED8A-109B-446F-9230-921170E5AD6D} = {9935DBF1-02E7-46DC-952D-D901A313BA15}
		{D15DE20D-595E-4CF6-968B-5F7FF0B794B5} = {9935DBF1-02E7-46DC-952D-D901A313BA15}
		{03E25545-0C9D-4E78-840C-6557B33001EF} = {9935DBF1-02E7-46DC-952D-D901A313BA15}
		{49A0A763-AA01-473E-85BC-D6265089D9B4} = {9935DBF1-02E7-46DC-952D-D901A313BA15}
		{5C1B51D8-509A-4DB5-8227-B7041A654517} = {49A0A763-AA01-473E-85BC-D6265089D9B4}
		{2FB54B1F-A536-44C0-9AFD-A66FDF987499} = {49A0A763-AA01-473E-85BC-D6265089D9B4}
		{FB0006F6-A74D-47A5-9F01-3AEBD03F5DBA} = {49A0A763-AA01-473E-85BC-D6265089D9B4}
		{294D0A2C-4196-4D66-9309-5B5155D37BCB} = {49A0A763-AA01-473E-85BC-D6265089D9B4}
		{9D5BA970-567D-41E8-919D-3F63F286C009} = {49A0A763-AA01-473E-85BC-D6265089D9B4}
		{1B23EB86-3674-47FE-AB5F-028CBD6BCFA5} = {49A0A763-AA01-473E-85BC-D6265089D9B4}
		{1C2762BF-B38C-4B87-BB37-5C7FE16E8BE8} = {49A0A763-AA01-473E-85BC-D6265089D9B4}
		{64AF1C4F-A977-4A9F-A220-D632B4EF4F53} = {49A0A763-AA01-473E-85BC-D6265089D9B4}
		{BADF4620-5BB0-46BE-8E38-62500F913360} = {49A0A763-AA01-473E-85BC-D6265089D9B4}
		{D21CC111-DAD6-4420-BCF6-B7F8A0D34484} = {49A0A763-AA01-473E-85BC-D6265089D9B4}
		{56A02947-A883-49F7-8511-C53C8BA37CF3} = {49A0A763-AA01-473E-85BC-D6265089D9B4}
		{BD3A5ADB-97FB-4A11-9B50-FFA5CC566604} = {49A0A763-AA01-473E-85BC-D6265089D9B4}
		{D4C064BE-7F14-48BE-8544-48655C5EF3F8} = {49A0A763-AA01-473E-85BC-D6265089D9B4}
		{64F6FCD1-7743-444A-8F27-CE56919F4953} = {49A0A763-AA01-473E-85BC-D6265089D9B4}
		{C279A6F3-5EDA-4608-88D1-D15E0EC3D353} = {9935DBF1-02E7-46DC-952D-D901A313BA15}
		{A74B3028-922F-48C6-A54A-07BCCD9DB165} = {9935DBF1-02E7-46DC-952D-D901A313BA15}
	EndGlobalSection
EndGlobal
